
Microsoft Visual Studio Solution File, Format Version 12.00
# Visual Studio Version 17
VisualStudioVersion = 17.5.33530.505
MinimumVisualStudioVersion = 10.0.40219.1
Project("{9A19103F-16F7-4668-BE54-9A1E7A4F7556}") = "WebApi", "DogsHouseWebApi\WebApi.csproj", "{18323971-A32C-4397-AF6E-F4FB35FC8A94}"
EndProject
Project("{9A19103F-16F7-4668-BE54-9A1E7A4F7556}") = "Domain", "Domain\Domain.csproj", "{B1CE4629-3305-4741-B5A3-AA18E58ADEB0}"
EndProject
Project("{9A19103F-16F7-4668-BE54-9A1E7A4F7556}") = "Application", "Application\Application.csproj", "{C6AC6A27-79CF-4538-B6ED-345359A14318}"
EndProject
Project("{9A19103F-16F7-4668-BE54-9A1E7A4F7556}") = "Infrastructure", "Infrastructure\Infrastructure.csproj", "{1BBB514D-2391-4019-B7E7-DC05F26D7574}"
EndProject
Project("{FAE04EC0-301F-11D3-BF4B-00C04F79EFBC}") = "Shared", "Shared\Shared.csproj", "{EC31B1BE-20CF-4DA7-92F9-278095313CF4}"
EndProject
Global
	GlobalSection(SolutionConfigurationPlatforms) = preSolution
		Debug|Any CPU = Debug|Any CPU
		Release|Any CPU = Release|Any CPU
	EndGlobalSection
	GlobalSection(ProjectConfigurationPlatforms) = postSolution
		{18323971-A32C-4397-AF6E-F4FB35FC8A94}.Debug|Any CPU.ActiveCfg = Debug|Any CPU
		{18323971-A32C-4397-AF6E-F4FB35FC8A94}.Debug|Any CPU.Build.0 = Debug|Any CPU
		{18323971-A32C-4397-AF6E-F4FB35FC8A94}.Release|Any CPU.ActiveCfg = Release|Any CPU
		{18323971-A32C-4397-AF6E-F4FB35FC8A94}.Release|Any CPU.Build.0 = Release|Any CPU
		{B1CE4629-3305-4741-B5A3-AA18E58ADEB0}.Debug|Any CPU.ActiveCfg = Debug|Any CPU
		{B1CE4629-3305-4741-B5A3-AA18E58ADEB0}.Debug|Any CPU.Build.0 = Debug|Any CPU
		{B1CE4629-3305-4741-B5A3-AA18E58ADEB0}.Release|Any CPU.ActiveCfg = Release|Any CPU
		{B1CE4629-3305-4741-B5A3-AA18E58ADEB0}.Release|Any CPU.Build.0 = Release|Any CPU
		{C6AC6A27-79CF-4538-B6ED-345359A14318}.Debug|Any CPU.ActiveCfg = Debug|Any CPU
		{C6AC6A27-79CF-4538-B6ED-345359A14318}.Debug|Any CPU.Build.0 = Debug|Any CPU
		{C6AC6A27-79CF-4538-B6ED-345359A14318}.Release|Any CPU.ActiveCfg = Release|Any CPU
		{C6AC6A27-79CF-4538-B6ED-345359A14318}.Release|Any CPU.Build.0 = Release|Any CPU
		{1BBB514D-2391-4019-B7E7-DC05F26D7574}.Debug|Any CPU.ActiveCfg = Debug|Any CPU
		{1BBB514D-2391-4019-B7E7-DC05F26D7574}.Debug|Any CPU.Build.0 = Debug|Any CPU
		{1BBB514D-2391-4019-B7E7-DC05F26D7574}.Release|Any CPU.ActiveCfg = Release|Any CPU
		{1BBB514D-2391-4019-B7E7-DC05F26D7574}.Release|Any CPU.Build.0 = Release|Any CPU
		{EC31B1BE-20CF-4DA7-92F9-278095313CF4}.Debug|Any CPU.ActiveCfg = Debug|Any CPU
		{EC31B1BE-20CF-4DA7-92F9-278095313CF4}.Debug|Any CPU.Build.0 = Debug|Any CPU
		{EC31B1BE-20CF-4DA7-92F9-278095313CF4}.Release|Any CPU.ActiveCfg = Release|Any CPU
		{EC31B1BE-20CF-4DA7-92F9-278095313CF4}.Release|Any CPU.Build.0 = Release|Any CPU
	EndGlobalSection
	GlobalSection(SolutionProperties) = preSolution
		HideSolutionNode = FALSE
	EndGlobalSection
	GlobalSection(ExtensibilityGlobals) = postSolution
		SolutionGuid = {8CDB2E2F-A22D-4E27-B2F5-FF28E4FFDD48}
	EndGlobalSection
EndGlobal
